
Microsoft Visual Studio Solution File, Format Version 12.00
# Visual Studio 15
VisualStudioVersion = 15.0.27130.2036
MinimumVisualStudioVersion = 10.0.40219.1
Project("{FAE04EC0-301F-11D3-BF4B-00C04F79EFBC}") = "ExcelFood", "ExcelFood\ExcelFood.csproj", "{BD036BA3-A4D3-4D8E-AFB7-0D09F01F44EF}"
EndProject
Global
	GlobalSection(SolutionConfigurationPlatforms) = preSolution
		Debug|Any CPU = Debug|Any CPU
		Release|Any CPU = Release|Any CPU
	EndGlobalSection
	GlobalSection(ProjectConfigurationPlatforms) = postSolution
		{BD036BA3-A4D3-4D8E-AFB7-0D09F01F44EF}.Debug|Any CPU.ActiveCfg = Debug|Any CPU
		{BD036BA3-A4D3-4D8E-AFB7-0D09F01F44EF}.Debug|Any CPU.Build.0 = Debug|Any CPU
		{BD036BA3-A4D3-4D8E-AFB7-0D09F01F44EF}.Release|Any CPU.ActiveCfg = Release|Any CPU
		{BD036BA3-A4D3-4D8E-AFB7-0D09F01F44EF}.Release|Any CPU.Build.0 = Release|Any CPU
	EndGlobalSection
	GlobalSection(SolutionProperties) = preSolution
		HideSolutionNode = FALSE
	EndGlobalSection
	GlobalSection(ExtensibilityGlobals) = postSolution
		SolutionGuid = {AD9E5437-73EA-419C-AE9E-1A8ACB153411}
	EndGlobalSection
EndGlobal
